{
  "version": 4,
  "terraform_version": "1.4.4",
  "serial": 65,
  "lineage": "62fa7a4e-1c34-27c2-01bf-7ac19c24282b",
  "outputs": {},
  "resources": [
    {
      "mode": "managed",
      "type": "proxmox_vm_qemu",
      "name": "proxmox_vm",
      "provider": "provider[\"registry.terraform.io/telmate/proxmox\"]",
      "instances": [
        {
          "index_key": 0,
          "status": "tainted",
          "schema_version": 0,
          "attributes": {
            "additional_wait": 5,
            "agent": 0,
            "args": "",
            "automatic_reboot": true,
            "balloon": 0,
            "bios": "seabios",
            "boot": "order=scsi0",
            "bootdisk": "scsi0",
            "bridge": null,
            "ci_wait": null,
            "cicustom": "",
            "cipassword": "iop",
            "ciuser": "kube",
            "clone": "VM-Template-Alma",
            "clone_wait": 10,
            "cloudinit_cdrom_storage": null,
            "cores": 2,
            "cpu": "host",
            "default_ipv4_address": null,
            "define_connection_info": true,
            "desc": "",
            "disk": [],
            "disk_gb": null,
            "force_create": false,
            "force_recreate_on_change_of": null,
            "full_clone": true,
            "guest_agent_ready_timeout": 100,
            "hagroup": "",
            "hastate": "",
            "hostpci": [],
            "hotplug": "network,disk,usb",
            "id": "paulinux-proxmox/qemu/210",
            "ipconfig0": "ip=192.168.1.211/24,gw=192.168.1.254",
            "ipconfig1": "",
            "ipconfig10": "",
            "ipconfig11": "",
            "ipconfig12": "",
            "ipconfig13": "",
            "ipconfig14": "",
            "ipconfig15": "",
            "ipconfig2": "",
            "ipconfig3": "",
            "ipconfig4": "",
            "ipconfig5": "",
            "ipconfig6": "",
            "ipconfig7": "",
            "ipconfig8": "",
            "ipconfig9": "",
            "iso": null,
            "kvm": true,
            "mac": null,
            "machine": "",
            "memory": 2048,
            "name": "k8s-worker-00",
            "nameserver": "192.168.1.254",
            "network": [
              {
                "bridge": "vmbr1",
                "firewall": false,
                "link_down": false,
                "macaddr": "0A:76:05:B0:F1:24",
                "model": "virtio",
                "mtu": 0,
                "queues": 0,
                "rate": 0,
                "tag": -1
              }
            ],
            "nic": null,
            "numa": false,
            "onboot": false,
            "oncreate": true,
            "os_network_config": null,
            "os_type": "cloud-init",
            "pool": "",
            "preprovision": true,
            "pxe": null,
            "qemu_os": "l26",
            "reboot_required": false,
            "scsihw": "virtio-scsi-pci",
            "searchdomain": "paulinux.local",
            "serial": [],
            "sockets": 1,
            "ssh_forward_ip": null,
            "ssh_host": null,
            "ssh_port": null,
            "ssh_private_key": null,
            "ssh_user": null,
            "sshkeys": "ssh-rsa AAAAB3NzaC1yc2EAAAADAQABAAABgQDAZJa0FgbRwLU2jg/UzLnuAgI7rZUbHOCj5Ye/E5ji/5Zv0d44N2IP2vZgBaiApnZtym2pQCYcqFK1e0ydFFfOUjyWag2ymXMpRVi67RdwXICvZX2iBFjso6oJ9zNwrKUwRlcsfZ/o+Dit4bjtMyPDnstGusbxpsM0AaYQoTZhBKElpQSGjkbbsrWjmKSta7qxmUjTg/z7jNIyAQfmmTTRmSAmxBF2Bc17a53oTNB5DcEUtLkcaA11aARuffFI7RFIzXNOz3M7YERclJP+oeuEE/GhkJZWIi/1UUWcRQqu0uObT8+/qa2EvjDiqu9XVVAwLZpmKQciUco6UA40DiqRmvMs3GNgWIbTNFIt/ozzokrFpftgd9S9tt8M1nPo0q73KOgeCfAekjVCW1efF0WVOO/yg4UN7cDsCGFRCFBJyf2v9DIgFFXR7LtdQXwpVrTgJ/XP3SO22fCWpQspEyv1m2tTE4KAj2Cg5zXFb6YRKJiakvADq6q6wmLaRxAnmvs= root@paulinux-proxmox\r\n\n",
            "startup": "",
            "storage": null,
            "storage_type": null,
            "tablet": true,
            "tags": "",
            "target_node": "paulinux-proxmox",
            "timeouts": null,
            "unused_disk": [],
            "usb": [],
            "vcpus": 0,
            "vga": [],
            "vlan": -1,
            "vmid": 210
          },
          "sensitive_attributes": [
            [
              {
                "type": "get_attr",
                "value": "cipassword"
              }
            ]
          ],
          "private": "eyJlMmJmYjczMC1lY2FhLTExZTYtOGY4OC0zNDM2M2JjN2M0YzAiOnsiY3JlYXRlIjoxMjAwMDAwMDAwMDAwLCJkZWZhdWx0IjoxMjAwMDAwMDAwMDAwLCJkZWxldGUiOjEyMDAwMDAwMDAwMDAsInJlYWQiOjEyMDAwMDAwMDAwMDAsInVwZGF0ZSI6MTIwMDAwMDAwMDAwMH19"
        }
      ]
    }
  ],
  "check_results": null
}
